
Microsoft Visual Studio Solution File, Format Version 12.00
# Visual Studio 15
VisualStudioVersion = 15.0.28307.329
MinimumVisualStudioVersion = 10.0.40219.1
Project("{9A19103F-16F7-4668-BE54-9A1E7A4F7556}") = "Streetcred.Cloud.Client", "Streetcred.Cloud.Client\Streetcred.Cloud.Client.csproj", "{87224D8C-0D2C-419E-8D44-C33467CEB902}"
EndProject
Project("{9A19103F-16F7-4668-BE54-9A1E7A4F7556}") = "Streetcred.Portal.Client", "Streetcred.Portal.Client\Streetcred.Portal.Client.csproj", "{D5F419B7-8510-4521-AAB6-BE87B5697477}"
EndProject
Project("{9A19103F-16F7-4668-BE54-9A1E7A4F7556}") = "ServiceClient.Tests", "..\test\ServiceClient.Tests\ServiceClient.Tests.csproj", "{49B05FA6-817A-48C8-8C7C-0648C8209FAA}"
EndProject
Global
	GlobalSection(SolutionConfigurationPlatforms) = preSolution
		Debug|Any CPU = Debug|Any CPU
		Release|Any CPU = Release|Any CPU
	EndGlobalSection
	GlobalSection(ProjectConfigurationPlatforms) = postSolution
		{87224D8C-0D2C-419E-8D44-C33467CEB902}.Debug|Any CPU.ActiveCfg = Debug|Any CPU
		{87224D8C-0D2C-419E-8D44-C33467CEB902}.Debug|Any CPU.Build.0 = Debug|Any CPU
		{87224D8C-0D2C-419E-8D44-C33467CEB902}.Release|Any CPU.ActiveCfg = Release|Any CPU
		{87224D8C-0D2C-419E-8D44-C33467CEB902}.Release|Any CPU.Build.0 = Release|Any CPU
		{D5F419B7-8510-4521-AAB6-BE87B5697477}.Debug|Any CPU.ActiveCfg = Debug|Any CPU
		{D5F419B7-8510-4521-AAB6-BE87B5697477}.Debug|Any CPU.Build.0 = Debug|Any CPU
		{D5F419B7-8510-4521-AAB6-BE87B5697477}.Release|Any CPU.ActiveCfg = Release|Any CPU
		{D5F419B7-8510-4521-AAB6-BE87B5697477}.Release|Any CPU.Build.0 = Release|Any CPU
		{49B05FA6-817A-48C8-8C7C-0648C8209FAA}.Debug|Any CPU.ActiveCfg = Debug|Any CPU
		{49B05FA6-817A-48C8-8C7C-0648C8209FAA}.Debug|Any CPU.Build.0 = Debug|Any CPU
		{49B05FA6-817A-48C8-8C7C-0648C8209FAA}.Release|Any CPU.ActiveCfg = Release|Any CPU
		{49B05FA6-817A-48C8-8C7C-0648C8209FAA}.Release|Any CPU.Build.0 = Release|Any CPU
	EndGlobalSection
	GlobalSection(SolutionProperties) = preSolution
		HideSolutionNode = FALSE
	EndGlobalSection
	GlobalSection(ExtensibilityGlobals) = postSolution
		SolutionGuid = {070AAD2D-FDFE-468E-9031-B80587FE8D95}
	EndGlobalSection
EndGlobal
